
Microsoft Visual Studio Solution File, Format Version 12.00
# Visual Studio 14
VisualStudioVersion = 14.0.23107.0
MinimumVisualStudioVersion = 10.0.40219.1
Project("{FAE04EC0-301F-11D3-BF4B-00C04F79EFBC}") = "Fr8Data", "Fr8Data\Fr8Data.csproj", "{A3178D71-A2C3-45B9-8334-ADCC7C313541}"
EndProject
Project("{FAE04EC0-301F-11D3-BF4B-00C04F79EFBC}") = "Fr8Infrastructure", "Fr8Infrastructure\Fr8Infrastructure.csproj", "{9F4B5C92-3535-4D4C-B1E4-37BEB1AE5C42}"
EndProject
Project("{FAE04EC0-301F-11D3-BF4B-00C04F79EFBC}") = "TerminalBase", "terminalBase\TerminalBase.csproj", "{D6A0A493-E926-439A-9CE2-E093E75132CD}"
EndProject
Project("{FAE04EC0-301F-11D3-BF4B-00C04F79EFBC}") = "fr8Utilities", "fr8Utilities\fr8Utilities.csproj", "{D6C86CFF-37C0-49BE-9F77-4F876CE6A793}"
EndProject
Global
	GlobalSection(SolutionConfigurationPlatforms) = preSolution
		Debug|Any CPU = Debug|Any CPU
		Demo|Any CPU = Demo|Any CPU
		Dev|Any CPU = Dev|Any CPU
		Release|Any CPU = Release|Any CPU
	EndGlobalSection
	GlobalSection(ProjectConfigurationPlatforms) = postSolution
		{A3178D71-A2C3-45B9-8334-ADCC7C313541}.Debug|Any CPU.ActiveCfg = Debug|Any CPU
		{A3178D71-A2C3-45B9-8334-ADCC7C313541}.Debug|Any CPU.Build.0 = Debug|Any CPU
		{A3178D71-A2C3-45B9-8334-ADCC7C313541}.Demo|Any CPU.ActiveCfg = Demo|Any CPU
		{A3178D71-A2C3-45B9-8334-ADCC7C313541}.Demo|Any CPU.Build.0 = Demo|Any CPU
		{A3178D71-A2C3-45B9-8334-ADCC7C313541}.Dev|Any CPU.ActiveCfg = Dev|Any CPU
		{A3178D71-A2C3-45B9-8334-ADCC7C313541}.Dev|Any CPU.Build.0 = Dev|Any CPU
		{A3178D71-A2C3-45B9-8334-ADCC7C313541}.Release|Any CPU.ActiveCfg = Release|Any CPU
		{A3178D71-A2C3-45B9-8334-ADCC7C313541}.Release|Any CPU.Build.0 = Release|Any CPU
		{9F4B5C92-3535-4D4C-B1E4-37BEB1AE5C42}.Debug|Any CPU.ActiveCfg = Debug|Any CPU
		{9F4B5C92-3535-4D4C-B1E4-37BEB1AE5C42}.Debug|Any CPU.Build.0 = Debug|Any CPU
		{9F4B5C92-3535-4D4C-B1E4-37BEB1AE5C42}.Demo|Any CPU.ActiveCfg = Debug|Any CPU
		{9F4B5C92-3535-4D4C-B1E4-37BEB1AE5C42}.Demo|Any CPU.Build.0 = Debug|Any CPU
		{9F4B5C92-3535-4D4C-B1E4-37BEB1AE5C42}.Dev|Any CPU.ActiveCfg = Debug|Any CPU
		{9F4B5C92-3535-4D4C-B1E4-37BEB1AE5C42}.Dev|Any CPU.Build.0 = Debug|Any CPU
		{9F4B5C92-3535-4D4C-B1E4-37BEB1AE5C42}.Release|Any CPU.ActiveCfg = Release|Any CPU
		{9F4B5C92-3535-4D4C-B1E4-37BEB1AE5C42}.Release|Any CPU.Build.0 = Release|Any CPU
		{D6A0A493-E926-439A-9CE2-E093E75132CD}.Debug|Any CPU.ActiveCfg = Debug|Any CPU
		{D6A0A493-E926-439A-9CE2-E093E75132CD}.Debug|Any CPU.Build.0 = Debug|Any CPU
		{D6A0A493-E926-439A-9CE2-E093E75132CD}.Demo|Any CPU.ActiveCfg = Demo|Any CPU
		{D6A0A493-E926-439A-9CE2-E093E75132CD}.Demo|Any CPU.Build.0 = Demo|Any CPU
		{D6A0A493-E926-439A-9CE2-E093E75132CD}.Dev|Any CPU.ActiveCfg = Dev|Any CPU
		{D6A0A493-E926-439A-9CE2-E093E75132CD}.Dev|Any CPU.Build.0 = Dev|Any CPU
		{D6A0A493-E926-439A-9CE2-E093E75132CD}.Release|Any CPU.ActiveCfg = Release|Any CPU
		{D6A0A493-E926-439A-9CE2-E093E75132CD}.Release|Any CPU.Build.0 = Release|Any CPU
		{D6C86CFF-37C0-49BE-9F77-4F876CE6A793}.Debug|Any CPU.ActiveCfg = Debug|Any CPU
		{D6C86CFF-37C0-49BE-9F77-4F876CE6A793}.Debug|Any CPU.Build.0 = Debug|Any CPU
		{D6C86CFF-37C0-49BE-9F77-4F876CE6A793}.Demo|Any CPU.ActiveCfg = Demo|Any CPU
		{D6C86CFF-37C0-49BE-9F77-4F876CE6A793}.Demo|Any CPU.Build.0 = Demo|Any CPU
		{D6C86CFF-37C0-49BE-9F77-4F876CE6A793}.Dev|Any CPU.ActiveCfg = Dev|Any CPU
		{D6C86CFF-37C0-49BE-9F77-4F876CE6A793}.Dev|Any CPU.Build.0 = Dev|Any CPU
		{D6C86CFF-37C0-49BE-9F77-4F876CE6A793}.Release|Any CPU.ActiveCfg = Release|Any CPU
		{D6C86CFF-37C0-49BE-9F77-4F876CE6A793}.Release|Any CPU.Build.0 = Release|Any CPU
	EndGlobalSection
	GlobalSection(SolutionProperties) = preSolution
		HideSolutionNode = FALSE
	EndGlobalSection
EndGlobal
